
Microsoft Visual Studio Solution File, Format Version 12.00
# Visual Studio Version 17
VisualStudioVersion = 17.14.36202.13
MinimumVisualStudioVersion = 10.0.40219.1
Project("{FAE04EC0-301F-11D3-BF4B-00C04F79EFBC}") = "Insania.Sociology.Entities", "Insania.Sociology.Entities\Insania.Sociology.Entities.csproj", "{C8F2976B-0994-4881-BED0-6189E6978ABB}"
EndProject
Project("{FAE04EC0-301F-11D3-BF4B-00C04F79EFBC}") = "Insania.Sociology.Models", "Insania.Sociology.Models\Insania.Sociology.Models.csproj", "{2D2E55CB-12DE-45A2-BF5F-CA1ED7E6243E}"
EndProject
Project("{FAE04EC0-301F-11D3-BF4B-00C04F79EFBC}") = "Insania.Sociology.Database", "Insania.Sociology.Database\Insania.Sociology.Database.csproj", "{1A52E222-A58D-43CB-92F1-604744FA63BE}"
EndProject
Project("{FAE04EC0-301F-11D3-BF4B-00C04F79EFBC}") = "Insania.Sociology.Contracts", "Insania.Sociology.Contracts\Insania.Sociology.Contracts.csproj", "{597B3E11-6C69-4761-9C7F-F521DC0EF833}"
EndProject
Project("{FAE04EC0-301F-11D3-BF4B-00C04F79EFBC}") = "Insania.Sociology.DataAccess", "Insania.Sociology.DataAccess\Insania.Sociology.DataAccess.csproj", "{CF90F050-28C8-4D95-ACEB-67242E0BC51F}"
EndProject
Project("{FAE04EC0-301F-11D3-BF4B-00C04F79EFBC}") = "Insania.Sociology.Messages", "Insania.Sociology.Messages\Insania.Sociology.Messages.csproj", "{200F282B-D482-4DA7-A211-4BC4B5D4690E}"
EndProject
Project("{FAE04EC0-301F-11D3-BF4B-00C04F79EFBC}") = "Insania.Sociology.BusinessLogic", "Insania.Sociology.BusinessLogic\Insania.Sociology.BusinessLogic.csproj", "{0FC58CD4-BE98-40FC-946D-6FC641B962C0}"
EndProject
Project("{FAE04EC0-301F-11D3-BF4B-00C04F79EFBC}") = "Insania.Sociology.Tests", "Insania.Sociology.Tests\Insania.Sociology.Tests.csproj", "{5AD3A2A5-D454-4B79-BF77-76CFFB131CBA}"
EndProject
Project("{FAE04EC0-301F-11D3-BF4B-00C04F79EFBC}") = "Insania.Sociology.Initializer", "Insania.Sociology.Initializer\Insania.Sociology.Initializer.csproj", "{774CDFAE-DC26-4F12-B169-E8FDD4D6B112}"
EndProject
Project("{FAE04EC0-301F-11D3-BF4B-00C04F79EFBC}") = "Insania.Sociology.Middleware", "Insania.Sociology.Middleware\Insania.Sociology.Middleware.csproj", "{E0638E5C-E3E0-48F8-990F-8851441C69EA}"
EndProject
Project("{FAE04EC0-301F-11D3-BF4B-00C04F79EFBC}") = "Insania.Sociology.ApiRead", "Insania.Sociology.ApiRead\Insania.Sociology.ApiRead.csproj", "{B9BC4287-B633-4627-AB0C-02CAA7687F4F}"
EndProject
Global
	GlobalSection(SolutionConfigurationPlatforms) = preSolution
		Debug|Any CPU = Debug|Any CPU
		Release|Any CPU = Release|Any CPU
	EndGlobalSection
	GlobalSection(ProjectConfigurationPlatforms) = postSolution
		{C8F2976B-0994-4881-BED0-6189E6978ABB}.Debug|Any CPU.ActiveCfg = Debug|Any CPU
		{C8F2976B-0994-4881-BED0-6189E6978ABB}.Debug|Any CPU.Build.0 = Debug|Any CPU
		{C8F2976B-0994-4881-BED0-6189E6978ABB}.Release|Any CPU.ActiveCfg = Release|Any CPU
		{C8F2976B-0994-4881-BED0-6189E6978ABB}.Release|Any CPU.Build.0 = Release|Any CPU
		{2D2E55CB-12DE-45A2-BF5F-CA1ED7E6243E}.Debug|Any CPU.ActiveCfg = Debug|Any CPU
		{2D2E55CB-12DE-45A2-BF5F-CA1ED7E6243E}.Debug|Any CPU.Build.0 = Debug|Any CPU
		{2D2E55CB-12DE-45A2-BF5F-CA1ED7E6243E}.Release|Any CPU.ActiveCfg = Release|Any CPU
		{2D2E55CB-12DE-45A2-BF5F-CA1ED7E6243E}.Release|Any CPU.Build.0 = Release|Any CPU
		{1A52E222-A58D-43CB-92F1-604744FA63BE}.Debug|Any CPU.ActiveCfg = Debug|Any CPU
		{1A52E222-A58D-43CB-92F1-604744FA63BE}.Debug|Any CPU.Build.0 = Debug|Any CPU
		{1A52E222-A58D-43CB-92F1-604744FA63BE}.Release|Any CPU.ActiveCfg = Release|Any CPU
		{1A52E222-A58D-43CB-92F1-604744FA63BE}.Release|Any CPU.Build.0 = Release|Any CPU
		{597B3E11-6C69-4761-9C7F-F521DC0EF833}.Debug|Any CPU.ActiveCfg = Debug|Any CPU
		{597B3E11-6C69-4761-9C7F-F521DC0EF833}.Debug|Any CPU.Build.0 = Debug|Any CPU
		{597B3E11-6C69-4761-9C7F-F521DC0EF833}.Release|Any CPU.ActiveCfg = Release|Any CPU
		{597B3E11-6C69-4761-9C7F-F521DC0EF833}.Release|Any CPU.Build.0 = Release|Any CPU
		{CF90F050-28C8-4D95-ACEB-67242E0BC51F}.Debug|Any CPU.ActiveCfg = Debug|Any CPU
		{CF90F050-28C8-4D95-ACEB-67242E0BC51F}.Debug|Any CPU.Build.0 = Debug|Any CPU
		{CF90F050-28C8-4D95-ACEB-67242E0BC51F}.Release|Any CPU.ActiveCfg = Release|Any CPU
		{CF90F050-28C8-4D95-ACEB-67242E0BC51F}.Release|Any CPU.Build.0 = Release|Any CPU
		{200F282B-D482-4DA7-A211-4BC4B5D4690E}.Debug|Any CPU.ActiveCfg = Debug|Any CPU
		{200F282B-D482-4DA7-A211-4BC4B5D4690E}.Debug|Any CPU.Build.0 = Debug|Any CPU
		{200F282B-D482-4DA7-A211-4BC4B5D4690E}.Release|Any CPU.ActiveCfg = Release|Any CPU
		{200F282B-D482-4DA7-A211-4BC4B5D4690E}.Release|Any CPU.Build.0 = Release|Any CPU
		{0FC58CD4-BE98-40FC-946D-6FC641B962C0}.Debug|Any CPU.ActiveCfg = Debug|Any CPU
		{0FC58CD4-BE98-40FC-946D-6FC641B962C0}.Debug|Any CPU.Build.0 = Debug|Any CPU
		{0FC58CD4-BE98-40FC-946D-6FC641B962C0}.Release|Any CPU.ActiveCfg = Release|Any CPU
		{0FC58CD4-BE98-40FC-946D-6FC641B962C0}.Release|Any CPU.Build.0 = Release|Any CPU
		{5AD3A2A5-D454-4B79-BF77-76CFFB131CBA}.Debug|Any CPU.ActiveCfg = Debug|Any CPU
		{5AD3A2A5-D454-4B79-BF77-76CFFB131CBA}.Debug|Any CPU.Build.0 = Debug|Any CPU
		{5AD3A2A5-D454-4B79-BF77-76CFFB131CBA}.Release|Any CPU.ActiveCfg = Release|Any CPU
		{5AD3A2A5-D454-4B79-BF77-76CFFB131CBA}.Release|Any CPU.Build.0 = Release|Any CPU
		{774CDFAE-DC26-4F12-B169-E8FDD4D6B112}.Debug|Any CPU.ActiveCfg = Debug|Any CPU
		{774CDFAE-DC26-4F12-B169-E8FDD4D6B112}.Debug|Any CPU.Build.0 = Debug|Any CPU
		{774CDFAE-DC26-4F12-B169-E8FDD4D6B112}.Release|Any CPU.ActiveCfg = Release|Any CPU
		{774CDFAE-DC26-4F12-B169-E8FDD4D6B112}.Release|Any CPU.Build.0 = Release|Any CPU
		{E0638E5C-E3E0-48F8-990F-8851441C69EA}.Debug|Any CPU.ActiveCfg = Debug|Any CPU
		{E0638E5C-E3E0-48F8-990F-8851441C69EA}.Debug|Any CPU.Build.0 = Debug|Any CPU
		{E0638E5C-E3E0-48F8-990F-8851441C69EA}.Release|Any CPU.ActiveCfg = Release|Any CPU
		{E0638E5C-E3E0-48F8-990F-8851441C69EA}.Release|Any CPU.Build.0 = Release|Any CPU
		{B9BC4287-B633-4627-AB0C-02CAA7687F4F}.Debug|Any CPU.ActiveCfg = Debug|Any CPU
		{B9BC4287-B633-4627-AB0C-02CAA7687F4F}.Debug|Any CPU.Build.0 = Debug|Any CPU
		{B9BC4287-B633-4627-AB0C-02CAA7687F4F}.Release|Any CPU.ActiveCfg = Release|Any CPU
		{B9BC4287-B633-4627-AB0C-02CAA7687F4F}.Release|Any CPU.Build.0 = Release|Any CPU
	EndGlobalSection
	GlobalSection(SolutionProperties) = preSolution
		HideSolutionNode = FALSE
	EndGlobalSection
	GlobalSection(ExtensibilityGlobals) = postSolution
		SolutionGuid = {C5E98388-8575-4C15-8D71-A16A54831584}
	EndGlobalSection
EndGlobal
